
Microsoft Visual Studio Solution File, Format Version 12.00
# Visual Studio 15
VisualStudioVersion = 15.0.28010.2046
MinimumVisualStudioVersion = 10.0.40219.1
Project("{8BC9CEB8-8B4A-11D0-8D11-00A0C91BC942}") = "jehnfatfs", "jehnfatfs\jehnfatfs.vcxproj", "{EEAD6B32-98CE-4130-8F66-56B82E4E3C4D}"
EndProject
Project("{8BC9CEB8-8B4A-11D0-8D11-00A0C91BC942}") = "jehnfats2", "jehnfats2\jehnfats2.vcxproj", "{73F53A26-C0D9-4A94-B09D-3B4FF06A0EE3}"
EndProject
Global
	GlobalSection(SolutionConfigurationPlatforms) = preSolution
		Debug|x64 = Debug|x64
		Debug|x86 = Debug|x86
		Release|x64 = Release|x64
		Release|x86 = Release|x86
	EndGlobalSection
	GlobalSection(ProjectConfigurationPlatforms) = postSolution
		{EEAD6B32-98CE-4130-8F66-56B82E4E3C4D}.Debug|x64.ActiveCfg = Debug|x64
		{EEAD6B32-98CE-4130-8F66-56B82E4E3C4D}.Debug|x64.Build.0 = Debug|x64
		{EEAD6B32-98CE-4130-8F66-56B82E4E3C4D}.Debug|x86.ActiveCfg = Debug|Win32
		{EEAD6B32-98CE-4130-8F66-56B82E4E3C4D}.Debug|x86.Build.0 = Debug|Win32
		{EEAD6B32-98CE-4130-8F66-56B82E4E3C4D}.Release|x64.ActiveCfg = Release|x64
		{EEAD6B32-98CE-4130-8F66-56B82E4E3C4D}.Release|x64.Build.0 = Release|x64
		{EEAD6B32-98CE-4130-8F66-56B82E4E3C4D}.Release|x86.ActiveCfg = Release|Win32
		{EEAD6B32-98CE-4130-8F66-56B82E4E3C4D}.Release|x86.Build.0 = Release|Win32
		{73F53A26-C0D9-4A94-B09D-3B4FF06A0EE3}.Debug|x64.ActiveCfg = Debug|x64
		{73F53A26-C0D9-4A94-B09D-3B4FF06A0EE3}.Debug|x64.Build.0 = Debug|x64
		{73F53A26-C0D9-4A94-B09D-3B4FF06A0EE3}.Debug|x86.ActiveCfg = Debug|Win32
		{73F53A26-C0D9-4A94-B09D-3B4FF06A0EE3}.Debug|x86.Build.0 = Debug|Win32
		{73F53A26-C0D9-4A94-B09D-3B4FF06A0EE3}.Release|x64.ActiveCfg = Release|x64
		{73F53A26-C0D9-4A94-B09D-3B4FF06A0EE3}.Release|x64.Build.0 = Release|x64
		{73F53A26-C0D9-4A94-B09D-3B4FF06A0EE3}.Release|x86.ActiveCfg = Release|Win32
		{73F53A26-C0D9-4A94-B09D-3B4FF06A0EE3}.Release|x86.Build.0 = Release|Win32
	EndGlobalSection
	GlobalSection(SolutionProperties) = preSolution
		HideSolutionNode = FALSE
	EndGlobalSection
	GlobalSection(ExtensibilityGlobals) = postSolution
		SolutionGuid = {89306396-7F12-4D73-85BA-0626619C838E}
	EndGlobalSection
EndGlobal
